# This file is generated by running "yarn install" inside your project.
# Manual changes might be lost - proceed with caution!

__metadata:
  version: 6
  cacheKey: 8

"@babel/runtime@npm:^7.10.5":
  version: 7.23.7
  resolution: "@babel/runtime@npm:7.23.7"
  dependencies:
    regenerator-runtime: ^0.14.0
  checksum: eba85bd24d250abb5ae19b16cffc15a54d3894d8228ace40fa4c0e2f1938f28b38ad3e3430ebff9a1ef511eeb8c527e36044ac19076d6deafa52cef35d8624b9
  languageName: node
  linkType: hard

"@babel/runtime@npm:^7.21.0":
  version: 7.23.2
  resolution: "@babel/runtime@npm:7.23.2"
  dependencies:
    regenerator-runtime: ^0.14.0
  checksum: 6c4df4839ec75ca10175f636d6362f91df8a3137f86b38f6cd3a4c90668a0fe8e9281d320958f4fbd43b394988958585a17c3aab2a4ea6bf7316b22916a371fb
  languageName: node
  linkType: hard

"@hapi/hoek@npm:^9.0.0":
  version: 9.3.0
  resolution: "@hapi/hoek@npm:9.3.0"
  checksum: 4771c7a776242c3c022b168046af4e324d116a9d2e1d60631ee64f474c6e38d1bb07092d898bf95c7bc5d334c5582798a1456321b2e53ca817d4e7c88bc25b43
  languageName: node
  linkType: hard

"@hapi/topo@npm:^5.0.0":
  version: 5.1.0
  resolution: "@hapi/topo@npm:5.1.0"
  dependencies:
    "@hapi/hoek": ^9.0.0
  checksum: 604dfd5dde76d5c334bd03f9001fce69c7ce529883acf92da96f4fe7e51221bf5e5110e964caca287a6a616ba027c071748ab636ff178ad750547fba611d6014
  languageName: node
  linkType: hard

"@monaco-editor/loader@npm:^1.3.2":
  version: 1.4.0
  resolution: "@monaco-editor/loader@npm:1.4.0"
  dependencies:
    state-local: ^1.0.6
  peerDependencies:
    monaco-editor: ">= 0.21.0 < 1"
  checksum: 374ec0ea872ee15b33310e105a43217148161480d3955c5cece87d0f801754cd2c45a3f6c539a75da18a066c1615756fb87eaf1003f1df6a64a0cbce5d2c3749
  languageName: node
  linkType: hard

"@monaco-editor/react@npm:4.4.5":
  version: 4.4.5
  resolution: "@monaco-editor/react@npm:4.4.5"
  dependencies:
    "@monaco-editor/loader": ^1.3.2
    prop-types: ^15.7.2
  peerDependencies:
    monaco-editor: ">= 0.25.0 < 1"
    react: ^16.8.0 || ^17.0.0 || ^18.0.0
    react-dom: ^16.8.0 || ^17.0.0 || ^18.0.0
  checksum: 7a9568e3c6c27ecb7b4e07803a85554a6decbf0ad789b98fe5cb3d65b3a3682356e7553475b3eaeed5376a963bdc60d94ceb79ed6c3dd212d72a5122164590f2
  languageName: node
  linkType: hard

"@sideway/address@npm:^4.1.3":
  version: 4.1.4
  resolution: "@sideway/address@npm:4.1.4"
  dependencies:
    "@hapi/hoek": ^9.0.0
  checksum: b9fca2a93ac2c975ba12e0a6d97853832fb1f4fb02393015e012b47fa916a75ca95102d77214b2a29a2784740df2407951af8c5dde054824c65577fd293c4cdb
  languageName: node
  linkType: hard

"@sideway/formula@npm:^3.0.0":
  version: 3.0.1
  resolution: "@sideway/formula@npm:3.0.1"
  checksum: e4beeebc9dbe2ff4ef0def15cec0165e00d1612e3d7cea0bc9ce5175c3263fc2c818b679bd558957f49400ee7be9d4e5ac90487e1625b4932e15c4aa7919c57a
  languageName: node
  linkType: hard

"@sideway/pinpoint@npm:^2.0.0":
  version: 2.0.0
  resolution: "@sideway/pinpoint@npm:2.0.0"
  checksum: 0f4491e5897fcf5bf02c46f5c359c56a314e90ba243f42f0c100437935daa2488f20482f0f77186bd6bf43345095a95d8143ecf8b1f4d876a7bc0806aba9c3d2
  languageName: node
  linkType: hard

"@sindresorhus/slugify@npm:1.1.0":
  version: 1.1.0
  resolution: "@sindresorhus/slugify@npm:1.1.0"
  dependencies:
    "@sindresorhus/transliterate": ^0.1.1
    escape-string-regexp: ^4.0.0
  checksum: 6834c3a81e1ed479c82285d0b25b7f17fd2b8565ecc1d76c8e5a15820ddad32064be3a85a04b3f1c771e2b764405c21e82774b87b1141086cc2c34656adbffa0
  languageName: node
  linkType: hard

"@sindresorhus/transliterate@npm:^0.1.1":
  version: 0.1.2
  resolution: "@sindresorhus/transliterate@npm:0.1.2"
  dependencies:
    escape-string-regexp: ^2.0.0
    lodash.deburr: ^4.1.0
  checksum: f4a0fdf710adcad901bdd30dc02acbb33d464d7945fb2d6dc8130cf8e5e1151d66e2b9b20633f4c27c014ddba511a0a976d74304e4cbfacb8044d3c6f052d547
  languageName: node
  linkType: hard

"@strapi/provider-upload-cloudinary@npm:^4.16.2":
  version: 4.16.2
  resolution: "@strapi/provider-upload-cloudinary@npm:4.16.2"
  dependencies:
    "@strapi/utils": 4.16.2
    cloudinary: ^1.41.0
    into-stream: ^5.1.0
  checksum: aa6a05bbfa1399da69476e8bdd2ff1e0ad7f25d3a3d80d20d3179ad7b4fa5781686125503b9fefc150ffef3eeb6a963f9de5b44127814994f7584b00d7c8dcbc
  languageName: node
  linkType: hard

"@strapi/utils@npm:4.16.2":
  version: 4.16.2
  resolution: "@strapi/utils@npm:4.16.2"
  dependencies:
    "@sindresorhus/slugify": 1.1.0
    date-fns: 2.30.0
    http-errors: 1.8.1
    lodash: 4.17.21
    p-map: 4.0.0
    yup: 0.32.9
  checksum: 9378ab45565a2c12f7b59627fe974620992e1653095197bea282992684ed0b4844cf1db89c039f56223f6e20174969cb85c26a42036ca264fc819c2fa4872e5e
  languageName: node
  linkType: hard

"@types/lodash@npm:^4.14.165":
  version: 4.14.202
  resolution: "@types/lodash@npm:4.14.202"
  checksum: a91acf3564a568c6f199912f3eb2c76c99c5a0d7e219394294213b3f2d54f672619f0fde4da22b29dc5d4c31457cd799acc2e5cb6bd90f9af04a1578483b6ff7
  languageName: node
  linkType: hard

"aggregate-error@npm:^3.0.0":
  version: 3.1.0
  resolution: "aggregate-error@npm:3.1.0"
  dependencies:
    clean-stack: ^2.0.0
    indent-string: ^4.0.0
  checksum: 1101a33f21baa27a2fa8e04b698271e64616b886795fd43c31068c07533c7b3facfcaf4e9e0cab3624bd88f729a592f1c901a1a229c9e490eafce411a8644b79
  languageName: node
  linkType: hard

"ansi-regex@npm:^5.0.1":
  version: 5.0.1
  resolution: "ansi-regex@npm:5.0.1"
  checksum: 2aa4bb54caf2d622f1afdad09441695af2a83aa3fe8b8afa581d205e57ed4261c183c4d3877cee25794443fde5876417d859c108078ab788d6af7e4fe52eb66b
  languageName: node
  linkType: hard

"ansi-styles@npm:^4.0.0, ansi-styles@npm:^4.1.0":
  version: 4.3.0
  resolution: "ansi-styles@npm:4.3.0"
  dependencies:
    color-convert: ^2.0.1
  checksum: 513b44c3b2105dd14cc42a19271e80f386466c4be574bccf60b627432f9198571ebf4ab1e4c3ba17347658f4ee1711c163d574248c0c1cdc2d5917a0ad582ec4
  languageName: node
  linkType: hard

"big.js@npm:^5.2.2":
  version: 5.2.2
  resolution: "big.js@npm:5.2.2"
  checksum: b89b6e8419b097a8fb4ed2399a1931a68c612bce3cfd5ca8c214b2d017531191070f990598de2fc6f3f993d91c0f08aa82697717f6b3b8732c9731866d233c9e
  languageName: node
  linkType: hard

"bluebird@npm:^3.5.1":
  version: 3.7.2
  resolution: "bluebird@npm:3.7.2"
  checksum: 869417503c722e7dc54ca46715f70e15f4d9c602a423a02c825570862d12935be59ed9c7ba34a9b31f186c017c23cac6b54e35446f8353059c101da73eac22ef
  languageName: node
  linkType: hard

"chalk@npm:^4.1.2":
  version: 4.1.2
  resolution: "chalk@npm:4.1.2"
  dependencies:
    ansi-styles: ^4.1.0
    supports-color: ^7.1.0
  checksum: fe75c9d5c76a7a98d45495b91b2172fa3b7a09e0cc9370e5c8feb1c567b85c4288e2b3fded7cfdd7359ac28d6b3844feb8b82b8686842e93d23c827c417e83fc
  languageName: node
  linkType: hard

"clean-stack@npm:^2.0.0":
  version: 2.2.0
  resolution: "clean-stack@npm:2.2.0"
  checksum: 2ac8cd2b2f5ec986a3c743935ec85b07bc174d5421a5efc8017e1f146a1cf5f781ae962618f416352103b32c9cd7e203276e8c28241bbe946160cab16149fb68
  languageName: node
  linkType: hard

"cliui@npm:^8.0.1":
  version: 8.0.1
  resolution: "cliui@npm:8.0.1"
  dependencies:
    string-width: ^4.2.0
    strip-ansi: ^6.0.1
    wrap-ansi: ^7.0.0
  checksum: 79648b3b0045f2e285b76fb2e24e207c6db44323581e421c3acbd0e86454cba1b37aea976ab50195a49e7384b871e6dfb2247ad7dec53c02454ac6497394cb56
  languageName: node
  linkType: hard

"cloudinary-core@npm:^2.13.0":
  version: 2.13.0
  resolution: "cloudinary-core@npm:2.13.0"
  peerDependencies:
    lodash: ">=4.0"
  checksum: 5485fbc094b0722f6d4c6becfde431d3042c3c926a69c4bc2f6b373ac059b9b798703845c6cbf4a55ee2eb1c7718f5ec5130772117419755015b04dabd369be5
  languageName: node
  linkType: hard

"cloudinary@npm:^1.41.0":
  version: 1.41.1
  resolution: "cloudinary@npm:1.41.1"
  dependencies:
    cloudinary-core: ^2.13.0
    core-js: ^3.30.1
    lodash: ^4.17.21
    q: ^1.5.1
  checksum: 7138d8ab93016defcda77930c53babc8475248cdf7972ee2f75600b50a58f0411509309e83872249bb3be2090f7a59be1ac04a2e28ac0096f5418b87f7d7e65b
  languageName: node
  linkType: hard

"color-convert@npm:^2.0.1":
  version: 2.0.1
  resolution: "color-convert@npm:2.0.1"
  dependencies:
    color-name: ~1.1.4
  checksum: 79e6bdb9fd479a205c71d89574fccfb22bd9053bd98c6c4d870d65c132e5e904e6034978e55b43d69fcaa7433af2016ee203ce76eeba9cfa554b373e7f7db336
  languageName: node
  linkType: hard

"color-name@npm:~1.1.4":
  version: 1.1.4
  resolution: "color-name@npm:1.1.4"
  checksum: b0445859521eb4021cd0fb0cc1a75cecf67fceecae89b63f62b201cca8d345baf8b952c966862a9d9a2632987d4f6581f0ec8d957dfacece86f0a7919316f610
  languageName: node
  linkType: hard

"concurrently@npm:^8.2.2":
  version: 8.2.2
  resolution: "concurrently@npm:8.2.2"
  dependencies:
    chalk: ^4.1.2
    date-fns: ^2.30.0
    lodash: ^4.17.21
    rxjs: ^7.8.1
    shell-quote: ^1.8.1
    spawn-command: 0.0.2
    supports-color: ^8.1.1
    tree-kill: ^1.2.2
    yargs: ^17.7.2
  bin:
    conc: dist/bin/concurrently.js
    concurrently: dist/bin/concurrently.js
  checksum: 8ac774df06869773438f1bf91025180c52d5b53139bc86cf47659136c0d97461d0579c515d848d1e945d4e3e0cafe646b2ea18af8d74259b46abddcfe39b2c6c
  languageName: node
  linkType: hard

"core-js@npm:^3.30.1":
  version: 3.35.0
  resolution: "core-js@npm:3.35.0"
  checksum: 25c224aca3df012b98f08f13ccbd8171ef5852acd33fd5e58e106d27f5f0c97de2fdbc520f0b4364d26253caf2deb3e5d265310f57d2a66ae6cc922850e649f0
  languageName: node
  linkType: hard

"core-util-is@npm:~1.0.0":
  version: 1.0.3
  resolution: "core-util-is@npm:1.0.3"
  checksum: 9de8597363a8e9b9952491ebe18167e3b36e7707569eed0ebf14f8bba773611376466ae34575bca8cfe3c767890c859c74056084738f09d4e4a6f902b2ad7d99
  languageName: node
  linkType: hard

"csvtojson@npm:2.0.10":
  version: 2.0.10
  resolution: "csvtojson@npm:2.0.10"
  dependencies:
    bluebird: ^3.5.1
    lodash: ^4.17.3
    strip-bom: ^2.0.0
  bin:
    csvtojson: ./bin/csvtojson
  checksum: 5312b054cd989c26f8b1ce2941f05c98cbdcb7e66b0585196f0299d57d533c6747d74b73f70c26befa13a53e2f4281421f5e841ef47dea6694a1bdc187f3accf
  languageName: node
  linkType: hard

"date-fns@npm:2.30.0, date-fns@npm:^2.30.0":
  version: 2.30.0
  resolution: "date-fns@npm:2.30.0"
  dependencies:
    "@babel/runtime": ^7.21.0
  checksum: f7be01523282e9bb06c0cd2693d34f245247a29098527d4420628966a2d9aad154bd0e90a6b1cf66d37adcb769cd108cf8a7bd49d76db0fb119af5cdd13644f4
  languageName: node
  linkType: hard

"deepmerge@npm:^4.2.2":
  version: 4.3.1
  resolution: "deepmerge@npm:4.3.1"
  checksum: 2024c6a980a1b7128084170c4cf56b0fd58a63f2da1660dcfe977415f27b17dbe5888668b59d0b063753f3220719d5e400b7f113609489c90160bb9a5518d052
  languageName: node
  linkType: hard

"depd@npm:~1.1.2":
  version: 1.1.2
  resolution: "depd@npm:1.1.2"
  checksum: 6b406620d269619852885ce15965272b829df6f409724415e0002c8632ab6a8c0a08ec1f0bd2add05dc7bd7507606f7e2cc034fa24224ab829580040b835ecd9
  languageName: node
  linkType: hard

"emoji-regex@npm:^8.0.0":
  version: 8.0.0
  resolution: "emoji-regex@npm:8.0.0"
  checksum: d4c5c39d5a9868b5fa152f00cada8a936868fd3367f33f71be515ecee4c803132d11b31a6222b2571b1e5f7e13890156a94880345594d0ce7e3c9895f560f192
  languageName: node
  linkType: hard

"emojis-list@npm:^3.0.0":
  version: 3.0.0
  resolution: "emojis-list@npm:3.0.0"
  checksum: ddaaa02542e1e9436c03970eeed445f4ed29a5337dfba0fe0c38dfdd2af5da2429c2a0821304e8a8d1cadf27fdd5b22ff793571fa803ae16852a6975c65e8e70
  languageName: node
  linkType: hard

"escalade@npm:^3.1.1":
  version: 3.1.1
  resolution: "escalade@npm:3.1.1"
  checksum: a3e2a99f07acb74b3ad4989c48ca0c3140f69f923e56d0cba0526240ee470b91010f9d39001f2a4a313841d237ede70a729e92125191ba5d21e74b106800b133
  languageName: node
  linkType: hard

"escape-string-regexp@npm:^2.0.0":
  version: 2.0.0
  resolution: "escape-string-regexp@npm:2.0.0"
  checksum: 9f8a2d5743677c16e85c810e3024d54f0c8dea6424fad3c79ef6666e81dd0846f7437f5e729dfcdac8981bc9e5294c39b4580814d114076b8d36318f46ae4395
  languageName: node
  linkType: hard

"escape-string-regexp@npm:^4.0.0":
  version: 4.0.0
  resolution: "escape-string-regexp@npm:4.0.0"
  checksum: 98b48897d93060f2322108bf29db0feba7dd774be96cd069458d1453347b25ce8682ecc39859d4bca2203cc0ab19c237bcc71755eff49a0f8d90beadeeba5cc5
  languageName: node
  linkType: hard

"feed@npm:^4.2.2":
  version: 4.2.2
  resolution: "feed@npm:4.2.2"
  dependencies:
    xml-js: ^1.6.11
  checksum: 2e6992a675a049511eef7bda8ca6c08cb9540cd10e8b275ec4c95d166228ec445a335fa8de990358759f248a92861e51decdcd32bf1c54737d5b7aed7c7ffe97
  languageName: node
  linkType: hard

"from2@npm:^2.3.0":
  version: 2.3.0
  resolution: "from2@npm:2.3.0"
  dependencies:
    inherits: ^2.0.1
    readable-stream: ^2.0.0
  checksum: 6080eba0793dce32f475141fb3d54cc15f84ee52e420ee22ac3ab0ad639dc95a1875bc6eb9c0e1140e94972a36a89dc5542491b85f1ab8df0c126241e0f1a61b
  languageName: node
  linkType: hard

"get-caller-file@npm:^2.0.5":
  version: 2.0.5
  resolution: "get-caller-file@npm:2.0.5"
  checksum: b9769a836d2a98c3ee734a88ba712e62703f1df31b94b784762c433c27a386dd6029ff55c2a920c392e33657d80191edbf18c61487e198844844516f843496b9
  languageName: node
  linkType: hard

"has-flag@npm:^4.0.0":
  version: 4.0.0
  resolution: "has-flag@npm:4.0.0"
  checksum: 261a1357037ead75e338156b1f9452c016a37dcd3283a972a30d9e4a87441ba372c8b81f818cd0fbcd9c0354b4ae7e18b9e1afa1971164aef6d18c2b6095a8ad
  languageName: node
  linkType: hard

"http-errors@npm:1.8.1":
  version: 1.8.1
  resolution: "http-errors@npm:1.8.1"
  dependencies:
    depd: ~1.1.2
    inherits: 2.0.4
    setprototypeof: 1.2.0
    statuses: ">= 1.5.0 < 2"
    toidentifier: 1.0.1
  checksum: d3c7e7e776fd51c0a812baff570bdf06fe49a5dc448b700ab6171b1250e4cf7db8b8f4c0b133e4bfe2451022a5790c1ca6c2cae4094dedd6ac8304a1267f91d2
  languageName: node
  linkType: hard

"indent-string@npm:^4.0.0":
  version: 4.0.0
  resolution: "indent-string@npm:4.0.0"
  checksum: 824cfb9929d031dabf059bebfe08cf3137365e112019086ed3dcff6a0a7b698cb80cf67ccccde0e25b9e2d7527aa6cc1fed1ac490c752162496caba3e6699612
  languageName: node
  linkType: hard

"inherits@npm:2.0.4, inherits@npm:^2.0.1, inherits@npm:~2.0.3":
  version: 2.0.4
  resolution: "inherits@npm:2.0.4"
  checksum: 4a48a733847879d6cf6691860a6b1e3f0f4754176e4d71494c41f3475553768b10f84b5ce1d40fbd0e34e6bfbb864ee35858ad4dd2cf31e02fc4a154b724d7f1
  languageName: node
  linkType: hard

"into-stream@npm:^5.1.0":
  version: 5.1.1
  resolution: "into-stream@npm:5.1.1"
  dependencies:
    from2: ^2.3.0
    p-is-promise: ^3.0.0
  checksum: 0083447be98b44a19e1456b485ab45fb45759f6bbf6511f9650cb058891da2d7dcd4c624e7b3a5559c6d069fb6bbf8038ef9f3cd9974e8f30f29734ea44a2b2d
  languageName: node
  linkType: hard

"is-fullwidth-code-point@npm:^3.0.0":
  version: 3.0.0
  resolution: "is-fullwidth-code-point@npm:3.0.0"
  checksum: 44a30c29457c7fb8f00297bce733f0a64cd22eca270f83e58c105e0d015e45c019491a4ab2faef91ab51d4738c670daff901c799f6a700e27f7314029e99e348
  languageName: node
  linkType: hard

"is-utf8@npm:^0.2.0":
  version: 0.2.1
  resolution: "is-utf8@npm:0.2.1"
  checksum: 167ccd2be869fc228cc62c1a28df4b78c6b5485d15a29027d3b5dceb09b383e86a3522008b56dcac14b592b22f0a224388718c2505027a994fd8471465de54b3
  languageName: node
  linkType: hard

"isarray@npm:~1.0.0":
  version: 1.0.0
  resolution: "isarray@npm:1.0.0"
  checksum: f032df8e02dce8ec565cf2eb605ea939bdccea528dbcf565cdf92bfa2da9110461159d86a537388ef1acef8815a330642d7885b29010e8f7eac967c9993b65ab
  languageName: node
  linkType: hard

"joi@npm:17.6.0":
  version: 17.6.0
  resolution: "joi@npm:17.6.0"
  dependencies:
    "@hapi/hoek": ^9.0.0
    "@hapi/topo": ^5.0.0
    "@sideway/address": ^4.1.3
    "@sideway/formula": ^3.0.0
    "@sideway/pinpoint": ^2.0.0
  checksum: eaf62f6c02f2edb1042f1ab04fc23a5918a2cb8f54bec84c6e1033624d8a462c10ae9518af55a3ba84f1793960450d58094eda308e7ef93c17edd4e3c8ef31d5
  languageName: node
  linkType: hard

"js-tokens@npm:^3.0.0 || ^4.0.0":
  version: 4.0.0
  resolution: "js-tokens@npm:4.0.0"
  checksum: 8a95213a5a77deb6cbe94d86340e8d9ace2b93bc367790b260101d2f36a2eaf4e4e22d9fa9cf459b38af3a32fb4190e638024cf82ec95ef708680e405ea7cc78
  languageName: node
  linkType: hard

"json5@npm:^2.1.2":
  version: 2.2.3
  resolution: "json5@npm:2.2.3"
  bin:
    json5: lib/cli.js
  checksum: 2a7436a93393830bce797d4626275152e37e877b265e94ca69c99e3d20c2b9dab021279146a39cdb700e71b2dd32a4cebd1514cd57cee102b1af906ce5040349
  languageName: node
  linkType: hard

"loader-utils@npm:^2.0.2":
  version: 2.0.4
  resolution: "loader-utils@npm:2.0.4"
  dependencies:
    big.js: ^5.2.2
    emojis-list: ^3.0.0
    json5: ^2.1.2
  checksum: a5281f5fff1eaa310ad5e1164095689443630f3411e927f95031ab4fb83b4a98f388185bb1fe949e8ab8d4247004336a625e9255c22122b815bb9a4c5d8fc3b7
  languageName: node
  linkType: hard

"lodash-es@npm:^4.17.15":
  version: 4.17.21
  resolution: "lodash-es@npm:4.17.21"
  checksum: 05cbffad6e2adbb331a4e16fbd826e7faee403a1a04873b82b42c0f22090f280839f85b95393f487c1303c8a3d2a010048bf06151a6cbe03eee4d388fb0a12d2
  languageName: node
  linkType: hard

"lodash.deburr@npm:^4.1.0":
  version: 4.1.0
  resolution: "lodash.deburr@npm:4.1.0"
  checksum: 6e2012315c20a4d8ed4f1884ed4b8e6b0093c6355a87bfd95ecf25a5243c8c88d747d67375d52cb87ebc99d090935ed8dc3814c8e661e3275a6dbe02b68efc99
  languageName: node
  linkType: hard

"lodash@npm:4.17.21, lodash@npm:^4.17.20, lodash@npm:^4.17.21, lodash@npm:^4.17.3":
  version: 4.17.21
  resolution: "lodash@npm:4.17.21"
  checksum: eb835a2e51d381e561e508ce932ea50a8e5a68f4ebdd771ea240d3048244a8d13658acbd502cd4829768c56f2e16bdd4340b9ea141297d472517b83868e677f7
  languageName: node
  linkType: hard

"loose-envify@npm:^1.4.0":
  version: 1.4.0
  resolution: "loose-envify@npm:1.4.0"
  dependencies:
    js-tokens: ^3.0.0 || ^4.0.0
  bin:
    loose-envify: cli.js
  checksum: 6517e24e0cad87ec9888f500c5b5947032cdfe6ef65e1c1936a0c48a524b81e65542c9c3edc91c97d5bddc806ee2a985dbc79be89215d613b1de5db6d1cfe6f4
  languageName: node
  linkType: hard

"monaco-editor-webpack-plugin@npm:7.0.1":
  version: 7.0.1
  resolution: "monaco-editor-webpack-plugin@npm:7.0.1"
  dependencies:
    loader-utils: ^2.0.2
  peerDependencies:
    monaco-editor: ">= 0.31.0"
    webpack: ^4.5.0 || 5.x
  checksum: 436814c724d5033254519ef8203f0df600d15c6bf0a3bf48a42ea678086becb56ed5685df2bca4cd4107855ecf8cea73722e52b63573edba5c020ff51b4f2d31
  languageName: node
  linkType: hard

"monaco-editor@npm:0.33.0":
  version: 0.33.0
  resolution: "monaco-editor@npm:0.33.0"
  checksum: f88fd1c9be0d6845436aa92ee7f7bcc49f9e9bf452f73bb5efbbe52e50678d1c2aec4d612a943310f5e2282c1d9fcc41b792b65a5b9008e6054908e7e10311ea
  languageName: node
  linkType: hard

"nanoclone@npm:^0.2.1":
  version: 0.2.1
  resolution: "nanoclone@npm:0.2.1"
  checksum: 96b2954e22f70561f41e20d69856266c65583c2a441dae108f1dc71b716785d2c8038dac5f1d5e92b117aed3825f526b53139e2e5d6e6db8a77cfa35b3b8bf40
  languageName: node
  linkType: hard

"node-fetch@npm:2.6.9":
  version: 2.6.9
  resolution: "node-fetch@npm:2.6.9"
  dependencies:
    whatwg-url: ^5.0.0
  peerDependencies:
    encoding: ^0.1.0
  peerDependenciesMeta:
    encoding:
      optional: true
  checksum: acb04f9ce7224965b2b59e71b33c639794d8991efd73855b0b250921382b38331ffc9d61bce502571f6cc6e11a8905ca9b1b6d4aeb586ab093e2756a1fd190d0
  languageName: node
  linkType: hard

"object-assign@npm:^4.1.1":
  version: 4.1.1
  resolution: "object-assign@npm:4.1.1"
  checksum: fcc6e4ea8c7fe48abfbb552578b1c53e0d194086e2e6bbbf59e0a536381a292f39943c6e9628af05b5528aa5e3318bb30d6b2e53cadaf5b8fe9e12c4b69af23f
  languageName: node
  linkType: hard

"p-is-promise@npm:^3.0.0":
  version: 3.0.0
  resolution: "p-is-promise@npm:3.0.0"
  checksum: 74e511225fde5eeda7a120d51c60c284de90d68dec7c73611e7e59e8d1c44cc7e2246686544515849149b74ed0571ad470a456ac0d00314f8d03d2cc1ad43aae
  languageName: node
  linkType: hard

"p-map@npm:4.0.0":
  version: 4.0.0
  resolution: "p-map@npm:4.0.0"
  dependencies:
    aggregate-error: ^3.0.0
  checksum: cb0ab21ec0f32ddffd31dfc250e3afa61e103ef43d957cc45497afe37513634589316de4eb88abdfd969fe6410c22c0b93ab24328833b8eb1ccc087fc0442a1c
  languageName: node
  linkType: hard

"prettier@npm:^3.2.5":
  version: 3.2.5
  resolution: "prettier@npm:3.2.5"
  bin:
    prettier: bin/prettier.cjs
  checksum: 2ee4e1417572372afb7a13bb446b34f20f1bf1747db77cf6ccaf57a9be005f2f15c40f903d41a6b79eec3f57fff14d32a20fb6dee1f126da48908926fe43c311
  languageName: node
  linkType: hard

"process-nextick-args@npm:~2.0.0":
  version: 2.0.1
  resolution: "process-nextick-args@npm:2.0.1"
  checksum: 1d38588e520dab7cea67cbbe2efdd86a10cc7a074c09657635e34f035277b59fbb57d09d8638346bf7090f8e8ebc070c96fa5fd183b777fff4f5edff5e9466cf
  languageName: node
  linkType: hard

"prop-types@npm:^15.7.2":
  version: 15.8.1
  resolution: "prop-types@npm:15.8.1"
  dependencies:
    loose-envify: ^1.4.0
    object-assign: ^4.1.1
    react-is: ^16.13.1
  checksum: c056d3f1c057cb7ff8344c645450e14f088a915d078dcda795041765047fa080d38e5d626560ccaac94a4e16e3aa15f3557c1a9a8d1174530955e992c675e459
  languageName: node
  linkType: hard

"property-expr@npm:^2.0.4":
  version: 2.0.6
  resolution: "property-expr@npm:2.0.6"
  checksum: 89977f4bb230736c1876f460dd7ca9328034502fd92e738deb40516d16564b850c0bbc4e052c3df88b5b8cd58e51c93b46a94bea049a3f23f4a022c038864cab
  languageName: node
  linkType: hard

"q@npm:^1.5.1":
  version: 1.5.1
  resolution: "q@npm:1.5.1"
  checksum: 147baa93c805bc1200ed698bdf9c72e9e42c05f96d007e33a558b5fdfd63e5ea130e99313f28efc1783e90e6bdb4e48b67a36fcc026b7b09202437ae88a1fb12
  languageName: node
  linkType: hard

"react-is@npm:^16.13.1":
  version: 16.13.1
  resolution: "react-is@npm:16.13.1"
  checksum: f7a19ac3496de32ca9ae12aa030f00f14a3d45374f1ceca0af707c831b2a6098ef0d6bdae51bd437b0a306d7f01d4677fcc8de7c0d331eb47ad0f46130e53c5f
  languageName: node
  linkType: hard

"react-singleton-hook@npm:3.3.0":
  version: 3.3.0
  resolution: "react-singleton-hook@npm:3.3.0"
  peerDependencies:
    react: 15 - 18
  peerDependenciesMeta:
    react-dom:
      optional: true
    react-native:
      optional: true
  checksum: a91e499740359f7c4abe050179b8d962919768b1dd61aa60c1f7edd2ce2307422bafd11e031689d6a1e81fca97be3e7c027890d0c9fafd8e6df22dff0b823233
  languageName: node
  linkType: hard

"readable-stream@npm:^2.0.0":
  version: 2.3.8
  resolution: "readable-stream@npm:2.3.8"
  dependencies:
    core-util-is: ~1.0.0
    inherits: ~2.0.3
    isarray: ~1.0.0
    process-nextick-args: ~2.0.0
    safe-buffer: ~5.1.1
    string_decoder: ~1.1.1
    util-deprecate: ~1.0.1
  checksum: 65645467038704f0c8aaf026a72fbb588a9e2ef7a75cd57a01702ee9db1c4a1e4b03aaad36861a6a0926546a74d174149c8c207527963e0c2d3eee2f37678a42
  languageName: node
  linkType: hard

"regenerator-runtime@npm:^0.14.0":
  version: 0.14.0
  resolution: "regenerator-runtime@npm:0.14.0"
  checksum: 1c977ad82a82a4412e4f639d65d22be376d3ebdd30da2c003eeafdaaacd03fc00c2320f18120007ee700900979284fc78a9f00da7fb593f6e6eeebc673fba9a3
  languageName: node
  linkType: hard

"require-directory@npm:^2.1.1":
  version: 2.1.1
  resolution: "require-directory@npm:2.1.1"
  checksum: fb47e70bf0001fdeabdc0429d431863e9475e7e43ea5f94ad86503d918423c1543361cc5166d713eaa7029dd7a3d34775af04764bebff99ef413111a5af18c80
  languageName: node
  linkType: hard

"root-workspace-0b6124@workspace:.":
  version: 0.0.0-use.local
  resolution: "root-workspace-0b6124@workspace:."
  dependencies:
    "@strapi/provider-upload-cloudinary": ^4.16.2
    concurrently: ^8.2.2
    feed: ^4.2.2
    prettier: ^3.2.5
    strapi-plugin-import-export-entries: ^1.23.1
  languageName: unknown
  linkType: soft

"rxjs@npm:^7.8.1":
  version: 7.8.1
  resolution: "rxjs@npm:7.8.1"
  dependencies:
    tslib: ^2.1.0
  checksum: de4b53db1063e618ec2eca0f7965d9137cabe98cf6be9272efe6c86b47c17b987383df8574861bcced18ebd590764125a901d5506082be84a8b8e364bf05f119
  languageName: node
  linkType: hard

"safe-buffer@npm:~5.1.0, safe-buffer@npm:~5.1.1":
  version: 5.1.2
  resolution: "safe-buffer@npm:5.1.2"
  checksum: f2f1f7943ca44a594893a852894055cf619c1fbcb611237fc39e461ae751187e7baf4dc391a72125e0ac4fb2d8c5c0b3c71529622e6a58f46b960211e704903c
  languageName: node
  linkType: hard

"sax@npm:^1.2.4":
  version: 1.3.0
  resolution: "sax@npm:1.3.0"
  checksum: 238ab3a9ba8c8f8aaf1c5ea9120386391f6ee0af52f1a6a40bbb6df78241dd05d782f2359d614ac6aae08c4c4125208b456548a6cf68625aa4fe178486e63ecd
  languageName: node
  linkType: hard

"setprototypeof@npm:1.2.0":
  version: 1.2.0
  resolution: "setprototypeof@npm:1.2.0"
  checksum: be18cbbf70e7d8097c97f713a2e76edf84e87299b40d085c6bf8b65314e994cc15e2e317727342fa6996e38e1f52c59720b53fe621e2eb593a6847bf0356db89
  languageName: node
  linkType: hard

"shell-quote@npm:^1.8.1":
  version: 1.8.1
  resolution: "shell-quote@npm:1.8.1"
  checksum: 5f01201f4ef504d4c6a9d0d283fa17075f6770bfbe4c5850b074974c68062f37929ca61700d95ad2ac8822e14e8c4b990ca0e6e9272e64befd74ce5e19f0736b
  languageName: node
  linkType: hard

"spawn-command@npm:0.0.2":
  version: 0.0.2
  resolution: "spawn-command@npm:0.0.2"
  checksum: e35c5d28177b4d461d33c88cc11f6f3a5079e2b132c11e1746453bbb7a0c0b8a634f07541a2a234fa4758239d88203b758def509161b651e81958894c0b4b64b
  languageName: node
  linkType: hard

"state-local@npm:^1.0.6":
  version: 1.0.7
  resolution: "state-local@npm:1.0.7"
  checksum: d1afcf1429e7e6eb08685b3a94be8797db847369316d4776fd51f3962b15b984dacc7f8e401ad20968e5798c9565b4b377afedf4e4c4d60fe7495e1cbe14a251
  languageName: node
  linkType: hard

"statuses@npm:>= 1.5.0 < 2":
  version: 1.5.0
  resolution: "statuses@npm:1.5.0"
  checksum: c469b9519de16a4bb19600205cffb39ee471a5f17b82589757ca7bd40a8d92ebb6ed9f98b5a540c5d302ccbc78f15dc03cc0280dd6e00df1335568a5d5758a5c
  languageName: node
  linkType: hard

"strapi-plugin-import-export-entries@npm:^1.23.1":
  version: 1.23.1
  resolution: "strapi-plugin-import-export-entries@npm:1.23.1"
  dependencies:
    "@monaco-editor/react": 4.4.5
    csvtojson: 2.0.10
    deepmerge: ^4.2.2
    joi: 17.6.0
    lodash: 4.17.21
    monaco-editor: 0.33.0
    monaco-editor-webpack-plugin: 7.0.1
    node-fetch: 2.6.9
    react-singleton-hook: 3.3.0
  peerDependencies:
    "@strapi/strapi": ^4.10.5
  checksum: 7a354602411e2a1d25e3595da774b8e7485a1ac4c6a5599d57253bb3d170e2b2b928a9492ebf6d0658ab0cf97f9812fbc2afd33b025b19259287543de7602e8f
  languageName: node
  linkType: hard

"string-width@npm:^4.1.0, string-width@npm:^4.2.0, string-width@npm:^4.2.3":
  version: 4.2.3
  resolution: "string-width@npm:4.2.3"
  dependencies:
    emoji-regex: ^8.0.0
    is-fullwidth-code-point: ^3.0.0
    strip-ansi: ^6.0.1
  checksum: e52c10dc3fbfcd6c3a15f159f54a90024241d0f149cf8aed2982a2d801d2e64df0bf1dc351cf8e95c3319323f9f220c16e740b06faecd53e2462df1d2b5443fb
  languageName: node
  linkType: hard

"string_decoder@npm:~1.1.1":
  version: 1.1.1
  resolution: "string_decoder@npm:1.1.1"
  dependencies:
    safe-buffer: ~5.1.0
  checksum: 9ab7e56f9d60a28f2be697419917c50cac19f3e8e6c28ef26ed5f4852289fe0de5d6997d29becf59028556f2c62983790c1d9ba1e2a3cc401768ca12d5183a5b
  languageName: node
  linkType: hard

"strip-ansi@npm:^6.0.0, strip-ansi@npm:^6.0.1":
  version: 6.0.1
  resolution: "strip-ansi@npm:6.0.1"
  dependencies:
    ansi-regex: ^5.0.1
  checksum: f3cd25890aef3ba6e1a74e20896c21a46f482e93df4a06567cebf2b57edabb15133f1f94e57434e0a958d61186087b1008e89c94875d019910a213181a14fc8c
  languageName: node
  linkType: hard

"strip-bom@npm:^2.0.0":
  version: 2.0.0
  resolution: "strip-bom@npm:2.0.0"
  dependencies:
    is-utf8: ^0.2.0
  checksum: 08efb746bc67b10814cd03d79eb31bac633393a782e3f35efbc1b61b5165d3806d03332a97f362822cf0d4dd14ba2e12707fcff44fe1c870c48a063a0c9e4944
  languageName: node
  linkType: hard

"supports-color@npm:^7.1.0":
  version: 7.2.0
  resolution: "supports-color@npm:7.2.0"
  dependencies:
    has-flag: ^4.0.0
  checksum: 3dda818de06ebbe5b9653e07842d9479f3555ebc77e9a0280caf5a14fb877ffee9ed57007c3b78f5a6324b8dbeec648d9e97a24e2ed9fdb81ddc69ea07100f4a
  languageName: node
  linkType: hard

"supports-color@npm:^8.1.1":
  version: 8.1.1
  resolution: "supports-color@npm:8.1.1"
  dependencies:
    has-flag: ^4.0.0
  checksum: c052193a7e43c6cdc741eb7f378df605636e01ad434badf7324f17fb60c69a880d8d8fcdcb562cf94c2350e57b937d7425ab5b8326c67c2adc48f7c87c1db406
  languageName: node
  linkType: hard

"toidentifier@npm:1.0.1":
  version: 1.0.1
  resolution: "toidentifier@npm:1.0.1"
  checksum: 952c29e2a85d7123239b5cfdd889a0dde47ab0497f0913d70588f19c53f7e0b5327c95f4651e413c74b785147f9637b17410ac8c846d5d4a20a5a33eb6dc3a45
  languageName: node
  linkType: hard

"toposort@npm:^2.0.2":
  version: 2.0.2
  resolution: "toposort@npm:2.0.2"
  checksum: d64c74b570391c9432873f48e231b439ee56bc49f7cb9780b505cfdf5cb832f808d0bae072515d93834dd6bceca5bb34448b5b4b408335e4d4716eaf68195dcb
  languageName: node
  linkType: hard

"tr46@npm:~0.0.3":
  version: 0.0.3
  resolution: "tr46@npm:0.0.3"
  checksum: 726321c5eaf41b5002e17ffbd1fb7245999a073e8979085dacd47c4b4e8068ff5777142fc6726d6ca1fd2ff16921b48788b87225cbc57c72636f6efa8efbffe3
  languageName: node
  linkType: hard

"tree-kill@npm:^1.2.2":
  version: 1.2.2
  resolution: "tree-kill@npm:1.2.2"
  bin:
    tree-kill: cli.js
  checksum: 49117f5f410d19c84b0464d29afb9642c863bc5ba40fcb9a245d474c6d5cc64d1b177a6e6713129eb346b40aebb9d4631d967517f9fbe8251c35b21b13cd96c7
  languageName: node
  linkType: hard

"tslib@npm:^2.1.0":
  version: 2.5.0
  resolution: "tslib@npm:2.5.0"
  checksum: ae3ed5f9ce29932d049908ebfdf21b3a003a85653a9a140d614da6b767a93ef94f460e52c3d787f0e4f383546981713f165037dc2274df212ea9f8a4541004e1
  languageName: node
  linkType: hard

"util-deprecate@npm:~1.0.1":
  version: 1.0.2
  resolution: "util-deprecate@npm:1.0.2"
  checksum: 474acf1146cb2701fe3b074892217553dfcf9a031280919ba1b8d651a068c9b15d863b7303cb15bd00a862b498e6cf4ad7b4a08fb134edd5a6f7641681cb54a2
  languageName: node
  linkType: hard

"webidl-conversions@npm:^3.0.0":
  version: 3.0.1
  resolution: "webidl-conversions@npm:3.0.1"
  checksum: c92a0a6ab95314bde9c32e1d0a6dfac83b578f8fa5f21e675bc2706ed6981bc26b7eb7e6a1fab158e5ce4adf9caa4a0aee49a52505d4d13c7be545f15021b17c
  languageName: node
  linkType: hard

"whatwg-url@npm:^5.0.0":
  version: 5.0.0
  resolution: "whatwg-url@npm:5.0.0"
  dependencies:
    tr46: ~0.0.3
    webidl-conversions: ^3.0.0
  checksum: b8daed4ad3356cc4899048a15b2c143a9aed0dfae1f611ebd55073310c7b910f522ad75d727346ad64203d7e6c79ef25eafd465f4d12775ca44b90fa82ed9e2c
  languageName: node
  linkType: hard

"wrap-ansi@npm:^7.0.0":
  version: 7.0.0
  resolution: "wrap-ansi@npm:7.0.0"
  dependencies:
    ansi-styles: ^4.0.0
    string-width: ^4.1.0
    strip-ansi: ^6.0.0
  checksum: a790b846fd4505de962ba728a21aaeda189b8ee1c7568ca5e817d85930e06ef8d1689d49dbf0e881e8ef84436af3a88bc49115c2e2788d841ff1b8b5b51a608b
  languageName: node
  linkType: hard

"xml-js@npm:^1.6.11":
  version: 1.6.11
  resolution: "xml-js@npm:1.6.11"
  dependencies:
    sax: ^1.2.4
  bin:
    xml-js: ./bin/cli.js
  checksum: 24a55479919413687105fc2d8ab05e613ebedb1c1bc12258a108e07cff5ef793779297db854800a4edf0281303ebd1f177bc4a588442f5344e62b3dddda26c2b
  languageName: node
  linkType: hard

"y18n@npm:^5.0.5":
  version: 5.0.8
  resolution: "y18n@npm:5.0.8"
  checksum: 54f0fb95621ee60898a38c572c515659e51cc9d9f787fb109cef6fde4befbe1c4602dc999d30110feee37456ad0f1660fa2edcfde6a9a740f86a290999550d30
  languageName: node
  linkType: hard

"yargs-parser@npm:^21.1.1":
  version: 21.1.1
  resolution: "yargs-parser@npm:21.1.1"
  checksum: ed2d96a616a9e3e1cc7d204c62ecc61f7aaab633dcbfab2c6df50f7f87b393993fe6640d017759fe112d0cb1e0119f2b4150a87305cc873fd90831c6a58ccf1c
  languageName: node
  linkType: hard

"yargs@npm:^17.7.2":
  version: 17.7.2
  resolution: "yargs@npm:17.7.2"
  dependencies:
    cliui: ^8.0.1
    escalade: ^3.1.1
    get-caller-file: ^2.0.5
    require-directory: ^2.1.1
    string-width: ^4.2.3
    y18n: ^5.0.5
    yargs-parser: ^21.1.1
  checksum: 73b572e863aa4a8cbef323dd911d79d193b772defd5a51aab0aca2d446655216f5002c42c5306033968193bdbf892a7a4c110b0d77954a7fdf563e653967b56a
  languageName: node
  linkType: hard

"yup@npm:0.32.9":
  version: 0.32.9
  resolution: "yup@npm:0.32.9"
  dependencies:
    "@babel/runtime": ^7.10.5
    "@types/lodash": ^4.14.165
    lodash: ^4.17.20
    lodash-es: ^4.17.15
    nanoclone: ^0.2.1
    property-expr: ^2.0.4
    toposort: ^2.0.2
  checksum: 3f33850913a237fb7e59b0b5c71d2cc6bdb1d6b2b01fc24c53ec68b35ad2b95cd49f735532117136495cb57f0ec58f0a7e1f1c55fad685555c7114155170f1ea
  languageName: node
  linkType: hard
